{
  "version": 4,
  "terraform_version": "1.14.5",
  "serial": 7,
  "lineage": "1f98369a-18df-a73d-cb68-2fb52f01ce3b",
  "outputs": {},
  "resources": [
    {
      "mode": "managed",
      "type": "dynatrace_document",
      "name": "modern_trial_dashboard",
      "provider": "provider[\"registry.terraform.io/dynatrace-oss/dynatrace\"]",
      "instances": [
        {
          "schema_version": 0,
          "attributes": {
            "content": "{\"layouts\":{\"1\":{\"h\":4,\"w\":24,\"x\":0,\"y\":0},\"2\":{\"h\":8,\"w\":12,\"x\":0,\"y\":4}},\"tiles\":{\"1\":{\"content\":\"## Managed by Terraform\\nThis is a modern 2026 dashboard.\",\"type\":\"markdown\"},\"2\":{\"query\":\"fetch builtin:host.cpu.usage | summarize avg(value)\",\"title\":\"Host CPU Usage\",\"type\":\"data\",\"visualization\":\"lineChart\"}},\"variables\":[],\"version\":1}",
            "custom_id": null,
            "id": "18644266-a211-4cae-9455-9d3e593a0cb4",
            "name": "[CapMon] Terraform Modern Dashboard",
            "owner": "12329058-7be5-4f98-acb5-9e641036eb9c",
            "private": false,
            "type": "dashboard",
            "version": 9
          },
          "sensitive_attributes": [],
          "identity_schema_version": 0,
          "private": "bnVsbA=="
        }
      ]
    }
  ],
  "check_results": null
}
